
Microsoft Visual Studio Solution File, Format Version 12.00
# Visual Studio Version 17
VisualStudioVersion = 17.5.33516.290
MinimumVisualStudioVersion = 10.0.40219.1
Project("{FAE04EC0-301F-11D3-BF4B-00C04F79EFBC}") = "MediaPlayer", "MediaPlayer.csproj", "{EDA21FF4-A855-4195-9E34-0A63B4543877}"
EndProject
Global
	GlobalSection(SolutionConfigurationPlatforms) = preSolution
		Debug|Any CPU = Debug|Any CPU
		Release|Any CPU = Release|Any CPU
	EndGlobalSection
	GlobalSection(ProjectConfigurationPlatforms) = postSolution
		{EDA21FF4-A855-4195-9E34-0A63B4543877}.Debug|Any CPU.ActiveCfg = Debug|Any CPU
		{EDA21FF4-A855-4195-9E34-0A63B4543877}.Debug|Any CPU.Build.0 = Debug|Any CPU
		{EDA21FF4-A855-4195-9E34-0A63B4543877}.Release|Any CPU.ActiveCfg = Release|Any CPU
		{EDA21FF4-A855-4195-9E34-0A63B4543877}.Release|Any CPU.Build.0 = Release|Any CPU
	EndGlobalSection
	GlobalSection(SolutionProperties) = preSolution
		HideSolutionNode = FALSE
	EndGlobalSection
	GlobalSection(ExtensibilityGlobals) = postSolution
		SolutionGuid = {EE2F5EC3-9E18-4104-AEBB-D95D2028D2D4}
	EndGlobalSection
EndGlobal
